
Microsoft Visual Studio Solution File, Format Version 12.00
# Visual Studio Version 16
VisualStudioVersion = 16.0.31025.194
MinimumVisualStudioVersion = 10.0.40219.1
Project("{9A19103F-16F7-4668-BE54-9A1E7A4F7556}") = "PasswordManager.ConsoleUI", "PasswordManager.ConsoleUI\PasswordManager.ConsoleUI.csproj", "{9E745B01-56C3-40F9-B154-84E4D6BB230C}"
EndProject
Project("{9A19103F-16F7-4668-BE54-9A1E7A4F7556}") = "PasswordManager.Data", "PasswordManager.Data\PasswordManager.Data.csproj", "{61BBD239-7B3E-4F8A-8DE3-703B42548DBD}"
EndProject
Project("{9A19103F-16F7-4668-BE54-9A1E7A4F7556}") = "PasswordManager.Data.Tests", "PasswordManager.Data.Tests\PasswordManager.Data.Tests.csproj", "{D0C7068E-91F8-495B-ACB0-C182DC88C63A}"
EndProject
Project("{FAE04EC0-301F-11D3-BF4B-00C04F79EFBC}") = "PasswordManager.ConsoleUI.Tests", "PasswordManager.ConsoleUI.Tests\PasswordManager.ConsoleUI.Tests.csproj", "{78839F98-8075-4183-8FE5-0F25C07600B0}"
EndProject
Global
	GlobalSection(SolutionConfigurationPlatforms) = preSolution
		Debug|Any CPU = Debug|Any CPU
		Release|Any CPU = Release|Any CPU
	EndGlobalSection
	GlobalSection(ProjectConfigurationPlatforms) = postSolution
		{9E745B01-56C3-40F9-B154-84E4D6BB230C}.Debug|Any CPU.ActiveCfg = Debug|Any CPU
		{9E745B01-56C3-40F9-B154-84E4D6BB230C}.Debug|Any CPU.Build.0 = Debug|Any CPU
		{9E745B01-56C3-40F9-B154-84E4D6BB230C}.Release|Any CPU.ActiveCfg = Release|Any CPU
		{9E745B01-56C3-40F9-B154-84E4D6BB230C}.Release|Any CPU.Build.0 = Release|Any CPU
		{61BBD239-7B3E-4F8A-8DE3-703B42548DBD}.Debug|Any CPU.ActiveCfg = Debug|Any CPU
		{61BBD239-7B3E-4F8A-8DE3-703B42548DBD}.Debug|Any CPU.Build.0 = Debug|Any CPU
		{61BBD239-7B3E-4F8A-8DE3-703B42548DBD}.Release|Any CPU.ActiveCfg = Release|Any CPU
		{61BBD239-7B3E-4F8A-8DE3-703B42548DBD}.Release|Any CPU.Build.0 = Release|Any CPU
		{D0C7068E-91F8-495B-ACB0-C182DC88C63A}.Debug|Any CPU.ActiveCfg = Debug|Any CPU
		{D0C7068E-91F8-495B-ACB0-C182DC88C63A}.Debug|Any CPU.Build.0 = Debug|Any CPU
		{D0C7068E-91F8-495B-ACB0-C182DC88C63A}.Release|Any CPU.ActiveCfg = Release|Any CPU
		{D0C7068E-91F8-495B-ACB0-C182DC88C63A}.Release|Any CPU.Build.0 = Release|Any CPU
		{78839F98-8075-4183-8FE5-0F25C07600B0}.Debug|Any CPU.ActiveCfg = Debug|Any CPU
		{78839F98-8075-4183-8FE5-0F25C07600B0}.Debug|Any CPU.Build.0 = Debug|Any CPU
		{78839F98-8075-4183-8FE5-0F25C07600B0}.Release|Any CPU.ActiveCfg = Release|Any CPU
		{78839F98-8075-4183-8FE5-0F25C07600B0}.Release|Any CPU.Build.0 = Release|Any CPU
	EndGlobalSection
	GlobalSection(SolutionProperties) = preSolution
		HideSolutionNode = FALSE
	EndGlobalSection
	GlobalSection(ExtensibilityGlobals) = postSolution
		SolutionGuid = {E262CEA5-13CD-444E-ACDF-83874352E4BB}
	EndGlobalSection
EndGlobal
